
Microsoft Visual Studio Solution File, Format Version 12.00
# Visual Studio Version 17
VisualStudioVersion = 17.0.31903.59
MinimumVisualStudioVersion = 10.0.40219.1
Project("{FAE04EC0-301F-11D3-BF4B-00C04F79EFBC}") = "GameStore.Api", "GameStore.Api\GameStore.Api.csproj", "{109908A4-123C-440B-A82B-B2491001BEF5}"
EndProject
Project("{FAE04EC0-301F-11D3-BF4B-00C04F79EFBC}") = "GameStore.Frontend", "GameStore.Frontend\GameStore.Frontend.csproj", "{E7FFF1E6-B2E8-4FA9-BCBD-7E80CA79B92B}"
EndProject
Global
	GlobalSection(SolutionConfigurationPlatforms) = preSolution
		Debug|Any CPU = Debug|Any CPU
		Release|Any CPU = Release|Any CPU
	EndGlobalSection
	GlobalSection(SolutionProperties) = preSolution
		HideSolutionNode = FALSE
	EndGlobalSection
	GlobalSection(ProjectConfigurationPlatforms) = postSolution
		{109908A4-123C-440B-A82B-B2491001BEF5}.Debug|Any CPU.ActiveCfg = Debug|Any CPU
		{109908A4-123C-440B-A82B-B2491001BEF5}.Debug|Any CPU.Build.0 = Debug|Any CPU
		{109908A4-123C-440B-A82B-B2491001BEF5}.Release|Any CPU.ActiveCfg = Release|Any CPU
		{109908A4-123C-440B-A82B-B2491001BEF5}.Release|Any CPU.Build.0 = Release|Any CPU
		{E7FFF1E6-B2E8-4FA9-BCBD-7E80CA79B92B}.Debug|Any CPU.ActiveCfg = Debug|Any CPU
		{E7FFF1E6-B2E8-4FA9-BCBD-7E80CA79B92B}.Debug|Any CPU.Build.0 = Debug|Any CPU
		{E7FFF1E6-B2E8-4FA9-BCBD-7E80CA79B92B}.Release|Any CPU.ActiveCfg = Release|Any CPU
		{E7FFF1E6-B2E8-4FA9-BCBD-7E80CA79B92B}.Release|Any CPU.Build.0 = Release|Any CPU
	EndGlobalSection
EndGlobal
